
Microsoft Visual Studio Solution File, Format Version 12.00
# Visual Studio Version 17
VisualStudioVersion = 17.5.33424.131
MinimumVisualStudioVersion = 10.0.40219.1
Project("{9A19103F-16F7-4668-BE54-9A1E7A4F7556}") = "MDP.RoleAccesses", "MDP.RoleAccesses\MDP.RoleAccesses.csproj", "{03290DF4-BCDC-474B-96B8-41B223944E40}"
EndProject
Project("{9A19103F-16F7-4668-BE54-9A1E7A4F7556}") = "MDP.AspNetCore.Authorization.RoleAccesses", "MDP.AspNetCore.Authorization.RoleAccesses\MDP.AspNetCore.Authorization.RoleAccesses.csproj", "{3963AAD6-317F-487C-A645-63B15F4FB118}"
EndProject
Project("{9A19103F-16F7-4668-BE54-9A1E7A4F7556}") = "MDP.RoleAccesses.Lab", "MDP.RoleAccesses.Lab\MDP.RoleAccesses.Lab.csproj", "{F1A5DE75-1A78-43F2-95E1-BB8DF7E7D064}"
EndProject
Project("{9A19103F-16F7-4668-BE54-9A1E7A4F7556}") = "MDP.AspNetCore.Authorization.RoleAccesses.Lab", "MDP.AspNetCore.Authorization.RoleAccesses.Lab\MDP.AspNetCore.Authorization.RoleAccesses.Lab.csproj", "{8B284CF3-3050-4930-87FA-34990C68F7A2}"
EndProject
Global
	GlobalSection(SolutionConfigurationPlatforms) = preSolution
		Debug|Any CPU = Debug|Any CPU
		Release|Any CPU = Release|Any CPU
	EndGlobalSection
	GlobalSection(ProjectConfigurationPlatforms) = postSolution
		{03290DF4-BCDC-474B-96B8-41B223944E40}.Debug|Any CPU.ActiveCfg = Debug|Any CPU
		{03290DF4-BCDC-474B-96B8-41B223944E40}.Debug|Any CPU.Build.0 = Debug|Any CPU
		{03290DF4-BCDC-474B-96B8-41B223944E40}.Release|Any CPU.ActiveCfg = Release|Any CPU
		{03290DF4-BCDC-474B-96B8-41B223944E40}.Release|Any CPU.Build.0 = Release|Any CPU
		{3963AAD6-317F-487C-A645-63B15F4FB118}.Debug|Any CPU.ActiveCfg = Debug|Any CPU
		{3963AAD6-317F-487C-A645-63B15F4FB118}.Debug|Any CPU.Build.0 = Debug|Any CPU
		{3963AAD6-317F-487C-A645-63B15F4FB118}.Release|Any CPU.ActiveCfg = Release|Any CPU
		{3963AAD6-317F-487C-A645-63B15F4FB118}.Release|Any CPU.Build.0 = Release|Any CPU
		{F1A5DE75-1A78-43F2-95E1-BB8DF7E7D064}.Debug|Any CPU.ActiveCfg = Debug|Any CPU
		{F1A5DE75-1A78-43F2-95E1-BB8DF7E7D064}.Debug|Any CPU.Build.0 = Debug|Any CPU
		{F1A5DE75-1A78-43F2-95E1-BB8DF7E7D064}.Release|Any CPU.ActiveCfg = Release|Any CPU
		{F1A5DE75-1A78-43F2-95E1-BB8DF7E7D064}.Release|Any CPU.Build.0 = Release|Any CPU
		{8B284CF3-3050-4930-87FA-34990C68F7A2}.Debug|Any CPU.ActiveCfg = Debug|Any CPU
		{8B284CF3-3050-4930-87FA-34990C68F7A2}.Debug|Any CPU.Build.0 = Debug|Any CPU
		{8B284CF3-3050-4930-87FA-34990C68F7A2}.Release|Any CPU.ActiveCfg = Release|Any CPU
		{8B284CF3-3050-4930-87FA-34990C68F7A2}.Release|Any CPU.Build.0 = Release|Any CPU
	EndGlobalSection
	GlobalSection(SolutionProperties) = preSolution
		HideSolutionNode = FALSE
	EndGlobalSection
	GlobalSection(ExtensibilityGlobals) = postSolution
		SolutionGuid = {01B4F262-995F-43F1-82C0-FD3DCE804CBD}
	EndGlobalSection
EndGlobal
